
Microsoft Visual Studio Solution File, Format Version 12.00
# Visual Studio Version 17
VisualStudioVersion = 17.2.32630.192
MinimumVisualStudioVersion = 10.0.40219.1
Project("{FAE04EC0-301F-11D3-BF4B-00C04F79EFBC}") = "Class-Kavrami", "Class-Kavrami\Class-Kavrami.csproj", "{8B968993-C7E5-4526-ACED-58A17B12CA63}"
EndProject
Global
	GlobalSection(SolutionConfigurationPlatforms) = preSolution
		Debug|Any CPU = Debug|Any CPU
		Release|Any CPU = Release|Any CPU
	EndGlobalSection
	GlobalSection(ProjectConfigurationPlatforms) = postSolution
		{8B968993-C7E5-4526-ACED-58A17B12CA63}.Debug|Any CPU.ActiveCfg = Debug|Any CPU
		{8B968993-C7E5-4526-ACED-58A17B12CA63}.Debug|Any CPU.Build.0 = Debug|Any CPU
		{8B968993-C7E5-4526-ACED-58A17B12CA63}.Release|Any CPU.ActiveCfg = Release|Any CPU
		{8B968993-C7E5-4526-ACED-58A17B12CA63}.Release|Any CPU.Build.0 = Release|Any CPU
	EndGlobalSection
	GlobalSection(SolutionProperties) = preSolution
		HideSolutionNode = FALSE
	EndGlobalSection
	GlobalSection(ExtensibilityGlobals) = postSolution
		SolutionGuid = {485601C9-E724-4A83-AC64-88803D0D869E}
	EndGlobalSection
EndGlobal
